
Microsoft Visual Studio Solution File, Format Version 12.00
# Visual Studio Version 16
VisualStudioVersion = 16.0.30320.27
MinimumVisualStudioVersion = 10.0.40219.1
Project("{9A19103F-16F7-4668-BE54-9A1E7A4F7556}") = "PKCSPeerCrypto", "PKCSPeerCrypto\PKCSPeerCrypto.csproj", "{A6A750A9-E49D-470E-B19C-518A1D0E46F2}"
EndProject
Project("{9A19103F-16F7-4668-BE54-9A1E7A4F7556}") = "PKCSPeerCryptoTest", "PKCSPeerCryptoTest\PKCSPeerCryptoTest.csproj", "{BF82C0DA-382C-4D03-893F-FB64C8BABA8A}"
EndProject
Project("{9A19103F-16F7-4668-BE54-9A1E7A4F7556}") = "Client", "Client\Client.csproj", "{27E460E9-D8EF-4BA3-8D38-8FF2E2EB43D9}"
EndProject
Project("{9A19103F-16F7-4668-BE54-9A1E7A4F7556}") = "ClientTest", "ClientTest\ClientTest.csproj", "{7971FE1D-800C-4342-B6B4-10E53366251C}"
EndProject
Project("{FAE04EC0-301F-11D3-BF4B-00C04F79EFBC}") = "CLI", "CLI\CLI.csproj", "{7E35B713-915B-42EF-BEEE-DF06CF00CEE7}"
EndProject
Global
	GlobalSection(SolutionConfigurationPlatforms) = preSolution
		Debug|Any CPU = Debug|Any CPU
		Release|Any CPU = Release|Any CPU
	EndGlobalSection
	GlobalSection(ProjectConfigurationPlatforms) = postSolution
		{A6A750A9-E49D-470E-B19C-518A1D0E46F2}.Debug|Any CPU.ActiveCfg = Debug|Any CPU
		{A6A750A9-E49D-470E-B19C-518A1D0E46F2}.Debug|Any CPU.Build.0 = Debug|Any CPU
		{A6A750A9-E49D-470E-B19C-518A1D0E46F2}.Release|Any CPU.ActiveCfg = Release|Any CPU
		{A6A750A9-E49D-470E-B19C-518A1D0E46F2}.Release|Any CPU.Build.0 = Release|Any CPU
		{BF82C0DA-382C-4D03-893F-FB64C8BABA8A}.Debug|Any CPU.ActiveCfg = Debug|Any CPU
		{BF82C0DA-382C-4D03-893F-FB64C8BABA8A}.Debug|Any CPU.Build.0 = Debug|Any CPU
		{BF82C0DA-382C-4D03-893F-FB64C8BABA8A}.Release|Any CPU.ActiveCfg = Release|Any CPU
		{BF82C0DA-382C-4D03-893F-FB64C8BABA8A}.Release|Any CPU.Build.0 = Release|Any CPU
		{27E460E9-D8EF-4BA3-8D38-8FF2E2EB43D9}.Debug|Any CPU.ActiveCfg = Debug|Any CPU
		{27E460E9-D8EF-4BA3-8D38-8FF2E2EB43D9}.Debug|Any CPU.Build.0 = Debug|Any CPU
		{27E460E9-D8EF-4BA3-8D38-8FF2E2EB43D9}.Release|Any CPU.ActiveCfg = Release|Any CPU
		{27E460E9-D8EF-4BA3-8D38-8FF2E2EB43D9}.Release|Any CPU.Build.0 = Release|Any CPU
		{7971FE1D-800C-4342-B6B4-10E53366251C}.Debug|Any CPU.ActiveCfg = Debug|Any CPU
		{7971FE1D-800C-4342-B6B4-10E53366251C}.Debug|Any CPU.Build.0 = Debug|Any CPU
		{7971FE1D-800C-4342-B6B4-10E53366251C}.Release|Any CPU.ActiveCfg = Release|Any CPU
		{7971FE1D-800C-4342-B6B4-10E53366251C}.Release|Any CPU.Build.0 = Release|Any CPU
		{7E35B713-915B-42EF-BEEE-DF06CF00CEE7}.Debug|Any CPU.ActiveCfg = Debug|Any CPU
		{7E35B713-915B-42EF-BEEE-DF06CF00CEE7}.Debug|Any CPU.Build.0 = Debug|Any CPU
		{7E35B713-915B-42EF-BEEE-DF06CF00CEE7}.Release|Any CPU.ActiveCfg = Release|Any CPU
		{7E35B713-915B-42EF-BEEE-DF06CF00CEE7}.Release|Any CPU.Build.0 = Release|Any CPU
	EndGlobalSection
	GlobalSection(SolutionProperties) = preSolution
		HideSolutionNode = FALSE
	EndGlobalSection
	GlobalSection(ExtensibilityGlobals) = postSolution
		SolutionGuid = {C5AFCABF-EDF7-406D-87D9-6A3ACE1F1521}
	EndGlobalSection
EndGlobal
