
Microsoft Visual Studio Solution File, Format Version 12.00
# Visual Studio Version 17
VisualStudioVersion = 17.0.31919.166
MinimumVisualStudioVersion = 10.0.40219.1
Project("{9A19103F-16F7-4668-BE54-9A1E7A4F7556}") = "PKCSPeerCrypto", "PKCSPeerCrypto\PKCSPeerCrypto.csproj", "{A6A750A9-E49D-470E-B19C-518A1D0E46F2}"
EndProject
Project("{9A19103F-16F7-4668-BE54-9A1E7A4F7556}") = "PKCSPeerCryptoTest", "PKCSPeerCryptoTest\PKCSPeerCryptoTest.csproj", "{BF82C0DA-382C-4D03-893F-FB64C8BABA8A}"
EndProject
Project("{9A19103F-16F7-4668-BE54-9A1E7A4F7556}") = "Client", "Client\Client.csproj", "{27E460E9-D8EF-4BA3-8D38-8FF2E2EB43D9}"
EndProject
Project("{9A19103F-16F7-4668-BE54-9A1E7A4F7556}") = "ClientTest", "ClientTest\ClientTest.csproj", "{7971FE1D-800C-4342-B6B4-10E53366251C}"
EndProject
Project("{9A19103F-16F7-4668-BE54-9A1E7A4F7556}") = "CLI", "CLI\CLI.csproj", "{B514A997-9B31-4F28-AC08-C69D9FA58CC4}"
EndProject
Project("{9A19103F-16F7-4668-BE54-9A1E7A4F7556}") = "Map", "Map\Map.csproj", "{CD1209B4-FF0D-4BAD-A7AA-958026AB5AA2}"
EndProject
Project("{9A19103F-16F7-4668-BE54-9A1E7A4F7556}") = "JsonApi", "JsonApi\JsonApi.csproj", "{AF1D22D7-BA65-4B21-9F86-97CD96BD3DF3}"
EndProject
Project("{9A19103F-16F7-4668-BE54-9A1E7A4F7556}") = "WpfClient", "WpfClient\WpfClient.csproj", "{D1D8952D-F6A6-44AB-B16D-CB7A04CC8A8A}"
EndProject
Project("{9A19103F-16F7-4668-BE54-9A1E7A4F7556}") = "DummyPeer", "DummyPeer\DummyPeer.csproj", "{F727097C-F91B-4C01-B3C6-05EB7E7503BC}"
EndProject
Project("{9A19103F-16F7-4668-BE54-9A1E7A4F7556}") = "AutoUpdater", "AutoUpdater\AutoUpdater.csproj", "{33CA82A6-A453-4D4C-9D76-8EE939DA66DC}"
EndProject
Project("{9A19103F-16F7-4668-BE54-9A1E7A4F7556}") = "IPC", "IPC\IPC.csproj", "{48CFB725-2B18-47A7-8158-FE0C8B2469E7}"
EndProject
Project("{9A19103F-16F7-4668-BE54-9A1E7A4F7556}") = "LambdaMetricsCollector", "LambdaMetricsCollector\LambdaMetricsCollector.csproj", "{45740CF1-7560-4567-9B4C-EFB7356D51AB}"
EndProject
Project("{9A19103F-16F7-4668-BE54-9A1E7A4F7556}") = "MapTest", "MapTest\MapTest.csproj", "{DA0A8D6F-02A0-4E96-937D-A4B235865B5D}"
EndProject
Project("{9A19103F-16F7-4668-BE54-9A1E7A4F7556}") = "Updater", "Updater\Updater.csproj", "{1B4C9B5A-2AA6-4CE4-9230-E495A96C31BD}"
EndProject
Project("{FAE04EC0-301F-11D3-BF4B-00C04F79EFBC}") = "LegacyPluginSupporter", "LegacyPluginSupporter\LegacyPluginSupporter.csproj", "{7A59FF47-824B-4045-B982-DB61F61A2FD6}"
EndProject
Global
	GlobalSection(SolutionConfigurationPlatforms) = preSolution
		Debug|Any CPU = Debug|Any CPU
		Debug|arm64 = Debug|arm64
		Debug|x64 = Debug|x64
		Debug|x86 = Debug|x86
		DebugExcludeWPF|Any CPU = DebugExcludeWPF|Any CPU
		DebugExcludeWPF|arm64 = DebugExcludeWPF|arm64
		DebugExcludeWPF|x64 = DebugExcludeWPF|x64
		DebugExcludeWPF|x86 = DebugExcludeWPF|x86
		Release|Any CPU = Release|Any CPU
		Release|arm64 = Release|arm64
		Release|x64 = Release|x64
		Release|x86 = Release|x86
		ReleaseExcludeWPF|Any CPU = ReleaseExcludeWPF|Any CPU
		ReleaseExcludeWPF|arm64 = ReleaseExcludeWPF|arm64
		ReleaseExcludeWPF|x64 = ReleaseExcludeWPF|x64
		ReleaseExcludeWPF|x86 = ReleaseExcludeWPF|x86
	EndGlobalSection
	GlobalSection(ProjectConfigurationPlatforms) = postSolution
		{A6A750A9-E49D-470E-B19C-518A1D0E46F2}.Debug|Any CPU.ActiveCfg = Debug|Any CPU
		{A6A750A9-E49D-470E-B19C-518A1D0E46F2}.Debug|Any CPU.Build.0 = Debug|Any CPU
		{A6A750A9-E49D-470E-B19C-518A1D0E46F2}.Debug|arm64.ActiveCfg = Debug|Any CPU
		{A6A750A9-E49D-470E-B19C-518A1D0E46F2}.Debug|arm64.Build.0 = Debug|Any CPU
		{A6A750A9-E49D-470E-B19C-518A1D0E46F2}.Debug|x64.ActiveCfg = Debug|Any CPU
		{A6A750A9-E49D-470E-B19C-518A1D0E46F2}.Debug|x64.Build.0 = Debug|Any CPU
		{A6A750A9-E49D-470E-B19C-518A1D0E46F2}.Debug|x86.ActiveCfg = Debug|Any CPU
		{A6A750A9-E49D-470E-B19C-518A1D0E46F2}.Debug|x86.Build.0 = Debug|Any CPU
		{A6A750A9-E49D-470E-B19C-518A1D0E46F2}.DebugExcludeWPF|Any CPU.ActiveCfg = Debug|Any CPU
		{A6A750A9-E49D-470E-B19C-518A1D0E46F2}.DebugExcludeWPF|Any CPU.Build.0 = Debug|Any CPU
		{A6A750A9-E49D-470E-B19C-518A1D0E46F2}.DebugExcludeWPF|arm64.ActiveCfg = DebugExcludeWPF|Any CPU
		{A6A750A9-E49D-470E-B19C-518A1D0E46F2}.DebugExcludeWPF|arm64.Build.0 = DebugExcludeWPF|Any CPU
		{A6A750A9-E49D-470E-B19C-518A1D0E46F2}.DebugExcludeWPF|x64.ActiveCfg = DebugExcludeWPF|Any CPU
		{A6A750A9-E49D-470E-B19C-518A1D0E46F2}.DebugExcludeWPF|x64.Build.0 = DebugExcludeWPF|Any CPU
		{A6A750A9-E49D-470E-B19C-518A1D0E46F2}.DebugExcludeWPF|x86.ActiveCfg = DebugExcludeWPF|Any CPU
		{A6A750A9-E49D-470E-B19C-518A1D0E46F2}.DebugExcludeWPF|x86.Build.0 = DebugExcludeWPF|Any CPU
		{A6A750A9-E49D-470E-B19C-518A1D0E46F2}.Release|Any CPU.ActiveCfg = Release|Any CPU
		{A6A750A9-E49D-470E-B19C-518A1D0E46F2}.Release|Any CPU.Build.0 = Release|Any CPU
		{A6A750A9-E49D-470E-B19C-518A1D0E46F2}.Release|arm64.ActiveCfg = Release|Any CPU
		{A6A750A9-E49D-470E-B19C-518A1D0E46F2}.Release|arm64.Build.0 = Release|Any CPU
		{A6A750A9-E49D-470E-B19C-518A1D0E46F2}.Release|x64.ActiveCfg = Release|Any CPU
		{A6A750A9-E49D-470E-B19C-518A1D0E46F2}.Release|x64.Build.0 = Release|Any CPU
		{A6A750A9-E49D-470E-B19C-518A1D0E46F2}.Release|x86.ActiveCfg = Release|Any CPU
		{A6A750A9-E49D-470E-B19C-518A1D0E46F2}.Release|x86.Build.0 = Release|Any CPU
		{A6A750A9-E49D-470E-B19C-518A1D0E46F2}.ReleaseExcludeWPF|Any CPU.ActiveCfg = Release|Any CPU
		{A6A750A9-E49D-470E-B19C-518A1D0E46F2}.ReleaseExcludeWPF|Any CPU.Build.0 = Release|Any CPU
		{A6A750A9-E49D-470E-B19C-518A1D0E46F2}.ReleaseExcludeWPF|arm64.ActiveCfg = Release|Any CPU
		{A6A750A9-E49D-470E-B19C-518A1D0E46F2}.ReleaseExcludeWPF|arm64.Build.0 = Release|Any CPU
		{A6A750A9-E49D-470E-B19C-518A1D0E46F2}.ReleaseExcludeWPF|x64.ActiveCfg = Release|Any CPU
		{A6A750A9-E49D-470E-B19C-518A1D0E46F2}.ReleaseExcludeWPF|x64.Build.0 = Release|Any CPU
		{A6A750A9-E49D-470E-B19C-518A1D0E46F2}.ReleaseExcludeWPF|x86.ActiveCfg = Release|Any CPU
		{A6A750A9-E49D-470E-B19C-518A1D0E46F2}.ReleaseExcludeWPF|x86.Build.0 = Release|Any CPU
		{BF82C0DA-382C-4D03-893F-FB64C8BABA8A}.Debug|Any CPU.ActiveCfg = Debug|Any CPU
		{BF82C0DA-382C-4D03-893F-FB64C8BABA8A}.Debug|Any CPU.Build.0 = Debug|Any CPU
		{BF82C0DA-382C-4D03-893F-FB64C8BABA8A}.Debug|arm64.ActiveCfg = Debug|Any CPU
		{BF82C0DA-382C-4D03-893F-FB64C8BABA8A}.Debug|arm64.Build.0 = Debug|Any CPU
		{BF82C0DA-382C-4D03-893F-FB64C8BABA8A}.Debug|x64.ActiveCfg = Debug|Any CPU
		{BF82C0DA-382C-4D03-893F-FB64C8BABA8A}.Debug|x64.Build.0 = Debug|Any CPU
		{BF82C0DA-382C-4D03-893F-FB64C8BABA8A}.Debug|x86.ActiveCfg = Debug|Any CPU
		{BF82C0DA-382C-4D03-893F-FB64C8BABA8A}.Debug|x86.Build.0 = Debug|Any CPU
		{BF82C0DA-382C-4D03-893F-FB64C8BABA8A}.DebugExcludeWPF|Any CPU.ActiveCfg = Debug|Any CPU
		{BF82C0DA-382C-4D03-893F-FB64C8BABA8A}.DebugExcludeWPF|Any CPU.Build.0 = Debug|Any CPU
		{BF82C0DA-382C-4D03-893F-FB64C8BABA8A}.DebugExcludeWPF|arm64.ActiveCfg = DebugExcludeWPF|Any CPU
		{BF82C0DA-382C-4D03-893F-FB64C8BABA8A}.DebugExcludeWPF|arm64.Build.0 = DebugExcludeWPF|Any CPU
		{BF82C0DA-382C-4D03-893F-FB64C8BABA8A}.DebugExcludeWPF|x64.ActiveCfg = DebugExcludeWPF|Any CPU
		{BF82C0DA-382C-4D03-893F-FB64C8BABA8A}.DebugExcludeWPF|x64.Build.0 = DebugExcludeWPF|Any CPU
		{BF82C0DA-382C-4D03-893F-FB64C8BABA8A}.DebugExcludeWPF|x86.ActiveCfg = DebugExcludeWPF|Any CPU
		{BF82C0DA-382C-4D03-893F-FB64C8BABA8A}.DebugExcludeWPF|x86.Build.0 = DebugExcludeWPF|Any CPU
		{BF82C0DA-382C-4D03-893F-FB64C8BABA8A}.Release|Any CPU.ActiveCfg = Release|Any CPU
		{BF82C0DA-382C-4D03-893F-FB64C8BABA8A}.Release|Any CPU.Build.0 = Release|Any CPU
		{BF82C0DA-382C-4D03-893F-FB64C8BABA8A}.Release|arm64.ActiveCfg = Release|Any CPU
		{BF82C0DA-382C-4D03-893F-FB64C8BABA8A}.Release|arm64.Build.0 = Release|Any CPU
		{BF82C0DA-382C-4D03-893F-FB64C8BABA8A}.Release|x64.ActiveCfg = Release|Any CPU
		{BF82C0DA-382C-4D03-893F-FB64C8BABA8A}.Release|x64.Build.0 = Release|Any CPU
		{BF82C0DA-382C-4D03-893F-FB64C8BABA8A}.Release|x86.ActiveCfg = Release|Any CPU
		{BF82C0DA-382C-4D03-893F-FB64C8BABA8A}.Release|x86.Build.0 = Release|Any CPU
		{BF82C0DA-382C-4D03-893F-FB64C8BABA8A}.ReleaseExcludeWPF|Any CPU.ActiveCfg = Release|Any CPU
		{BF82C0DA-382C-4D03-893F-FB64C8BABA8A}.ReleaseExcludeWPF|Any CPU.Build.0 = Release|Any CPU
		{BF82C0DA-382C-4D03-893F-FB64C8BABA8A}.ReleaseExcludeWPF|arm64.ActiveCfg = Release|Any CPU
		{BF82C0DA-382C-4D03-893F-FB64C8BABA8A}.ReleaseExcludeWPF|arm64.Build.0 = Release|Any CPU
		{BF82C0DA-382C-4D03-893F-FB64C8BABA8A}.ReleaseExcludeWPF|x64.ActiveCfg = Release|Any CPU
		{BF82C0DA-382C-4D03-893F-FB64C8BABA8A}.ReleaseExcludeWPF|x64.Build.0 = Release|Any CPU
		{BF82C0DA-382C-4D03-893F-FB64C8BABA8A}.ReleaseExcludeWPF|x86.ActiveCfg = Release|Any CPU
		{BF82C0DA-382C-4D03-893F-FB64C8BABA8A}.ReleaseExcludeWPF|x86.Build.0 = Release|Any CPU
		{27E460E9-D8EF-4BA3-8D38-8FF2E2EB43D9}.Debug|Any CPU.ActiveCfg = Debug|Any CPU
		{27E460E9-D8EF-4BA3-8D38-8FF2E2EB43D9}.Debug|Any CPU.Build.0 = Debug|Any CPU
		{27E460E9-D8EF-4BA3-8D38-8FF2E2EB43D9}.Debug|arm64.ActiveCfg = Debug|Any CPU
		{27E460E9-D8EF-4BA3-8D38-8FF2E2EB43D9}.Debug|arm64.Build.0 = Debug|Any CPU
		{27E460E9-D8EF-4BA3-8D38-8FF2E2EB43D9}.Debug|x64.ActiveCfg = Debug|Any CPU
		{27E460E9-D8EF-4BA3-8D38-8FF2E2EB43D9}.Debug|x64.Build.0 = Debug|Any CPU
		{27E460E9-D8EF-4BA3-8D38-8FF2E2EB43D9}.Debug|x86.ActiveCfg = Debug|Any CPU
		{27E460E9-D8EF-4BA3-8D38-8FF2E2EB43D9}.Debug|x86.Build.0 = Debug|Any CPU
		{27E460E9-D8EF-4BA3-8D38-8FF2E2EB43D9}.DebugExcludeWPF|Any CPU.ActiveCfg = Debug|Any CPU
		{27E460E9-D8EF-4BA3-8D38-8FF2E2EB43D9}.DebugExcludeWPF|Any CPU.Build.0 = Debug|Any CPU
		{27E460E9-D8EF-4BA3-8D38-8FF2E2EB43D9}.DebugExcludeWPF|arm64.ActiveCfg = DebugExcludeWPF|Any CPU
		{27E460E9-D8EF-4BA3-8D38-8FF2E2EB43D9}.DebugExcludeWPF|arm64.Build.0 = DebugExcludeWPF|Any CPU
		{27E460E9-D8EF-4BA3-8D38-8FF2E2EB43D9}.DebugExcludeWPF|x64.ActiveCfg = DebugExcludeWPF|Any CPU
		{27E460E9-D8EF-4BA3-8D38-8FF2E2EB43D9}.DebugExcludeWPF|x64.Build.0 = DebugExcludeWPF|Any CPU
		{27E460E9-D8EF-4BA3-8D38-8FF2E2EB43D9}.DebugExcludeWPF|x86.ActiveCfg = DebugExcludeWPF|Any CPU
		{27E460E9-D8EF-4BA3-8D38-8FF2E2EB43D9}.DebugExcludeWPF|x86.Build.0 = DebugExcludeWPF|Any CPU
		{27E460E9-D8EF-4BA3-8D38-8FF2E2EB43D9}.Release|Any CPU.ActiveCfg = Release|Any CPU
		{27E460E9-D8EF-4BA3-8D38-8FF2E2EB43D9}.Release|Any CPU.Build.0 = Release|Any CPU
		{27E460E9-D8EF-4BA3-8D38-8FF2E2EB43D9}.Release|arm64.ActiveCfg = Release|Any CPU
		{27E460E9-D8EF-4BA3-8D38-8FF2E2EB43D9}.Release|arm64.Build.0 = Release|Any CPU
		{27E460E9-D8EF-4BA3-8D38-8FF2E2EB43D9}.Release|x64.ActiveCfg = Release|Any CPU
		{27E460E9-D8EF-4BA3-8D38-8FF2E2EB43D9}.Release|x64.Build.0 = Release|Any CPU
		{27E460E9-D8EF-4BA3-8D38-8FF2E2EB43D9}.Release|x86.ActiveCfg = Release|Any CPU
		{27E460E9-D8EF-4BA3-8D38-8FF2E2EB43D9}.Release|x86.Build.0 = Release|Any CPU
		{27E460E9-D8EF-4BA3-8D38-8FF2E2EB43D9}.ReleaseExcludeWPF|Any CPU.ActiveCfg = Release|Any CPU
		{27E460E9-D8EF-4BA3-8D38-8FF2E2EB43D9}.ReleaseExcludeWPF|Any CPU.Build.0 = Release|Any CPU
		{27E460E9-D8EF-4BA3-8D38-8FF2E2EB43D9}.ReleaseExcludeWPF|arm64.ActiveCfg = Release|Any CPU
		{27E460E9-D8EF-4BA3-8D38-8FF2E2EB43D9}.ReleaseExcludeWPF|arm64.Build.0 = Release|Any CPU
		{27E460E9-D8EF-4BA3-8D38-8FF2E2EB43D9}.ReleaseExcludeWPF|x64.ActiveCfg = Release|Any CPU
		{27E460E9-D8EF-4BA3-8D38-8FF2E2EB43D9}.ReleaseExcludeWPF|x64.Build.0 = Release|Any CPU
		{27E460E9-D8EF-4BA3-8D38-8FF2E2EB43D9}.ReleaseExcludeWPF|x86.ActiveCfg = Release|Any CPU
		{27E460E9-D8EF-4BA3-8D38-8FF2E2EB43D9}.ReleaseExcludeWPF|x86.Build.0 = Release|Any CPU
		{7971FE1D-800C-4342-B6B4-10E53366251C}.Debug|Any CPU.ActiveCfg = Debug|Any CPU
		{7971FE1D-800C-4342-B6B4-10E53366251C}.Debug|Any CPU.Build.0 = Debug|Any CPU
		{7971FE1D-800C-4342-B6B4-10E53366251C}.Debug|arm64.ActiveCfg = Debug|Any CPU
		{7971FE1D-800C-4342-B6B4-10E53366251C}.Debug|arm64.Build.0 = Debug|Any CPU
		{7971FE1D-800C-4342-B6B4-10E53366251C}.Debug|x64.ActiveCfg = Debug|Any CPU
		{7971FE1D-800C-4342-B6B4-10E53366251C}.Debug|x64.Build.0 = Debug|Any CPU
		{7971FE1D-800C-4342-B6B4-10E53366251C}.Debug|x86.ActiveCfg = Debug|Any CPU
		{7971FE1D-800C-4342-B6B4-10E53366251C}.Debug|x86.Build.0 = Debug|Any CPU
		{7971FE1D-800C-4342-B6B4-10E53366251C}.DebugExcludeWPF|Any CPU.ActiveCfg = Debug|Any CPU
		{7971FE1D-800C-4342-B6B4-10E53366251C}.DebugExcludeWPF|Any CPU.Build.0 = Debug|Any CPU
		{7971FE1D-800C-4342-B6B4-10E53366251C}.DebugExcludeWPF|arm64.ActiveCfg = DebugExcludeWPF|Any CPU
		{7971FE1D-800C-4342-B6B4-10E53366251C}.DebugExcludeWPF|arm64.Build.0 = DebugExcludeWPF|Any CPU
		{7971FE1D-800C-4342-B6B4-10E53366251C}.DebugExcludeWPF|x64.ActiveCfg = DebugExcludeWPF|Any CPU
		{7971FE1D-800C-4342-B6B4-10E53366251C}.DebugExcludeWPF|x64.Build.0 = DebugExcludeWPF|Any CPU
		{7971FE1D-800C-4342-B6B4-10E53366251C}.DebugExcludeWPF|x86.ActiveCfg = DebugExcludeWPF|Any CPU
		{7971FE1D-800C-4342-B6B4-10E53366251C}.DebugExcludeWPF|x86.Build.0 = DebugExcludeWPF|Any CPU
		{7971FE1D-800C-4342-B6B4-10E53366251C}.Release|Any CPU.ActiveCfg = Release|Any CPU
		{7971FE1D-800C-4342-B6B4-10E53366251C}.Release|Any CPU.Build.0 = Release|Any CPU
		{7971FE1D-800C-4342-B6B4-10E53366251C}.Release|arm64.ActiveCfg = Release|Any CPU
		{7971FE1D-800C-4342-B6B4-10E53366251C}.Release|arm64.Build.0 = Release|Any CPU
		{7971FE1D-800C-4342-B6B4-10E53366251C}.Release|x64.ActiveCfg = Release|Any CPU
		{7971FE1D-800C-4342-B6B4-10E53366251C}.Release|x64.Build.0 = Release|Any CPU
		{7971FE1D-800C-4342-B6B4-10E53366251C}.Release|x86.ActiveCfg = Release|Any CPU
		{7971FE1D-800C-4342-B6B4-10E53366251C}.Release|x86.Build.0 = Release|Any CPU
		{7971FE1D-800C-4342-B6B4-10E53366251C}.ReleaseExcludeWPF|Any CPU.ActiveCfg = Release|Any CPU
		{7971FE1D-800C-4342-B6B4-10E53366251C}.ReleaseExcludeWPF|Any CPU.Build.0 = Release|Any CPU
		{7971FE1D-800C-4342-B6B4-10E53366251C}.ReleaseExcludeWPF|arm64.ActiveCfg = Release|Any CPU
		{7971FE1D-800C-4342-B6B4-10E53366251C}.ReleaseExcludeWPF|arm64.Build.0 = Release|Any CPU
		{7971FE1D-800C-4342-B6B4-10E53366251C}.ReleaseExcludeWPF|x64.ActiveCfg = Release|Any CPU
		{7971FE1D-800C-4342-B6B4-10E53366251C}.ReleaseExcludeWPF|x64.Build.0 = Release|Any CPU
		{7971FE1D-800C-4342-B6B4-10E53366251C}.ReleaseExcludeWPF|x86.ActiveCfg = Release|Any CPU
		{7971FE1D-800C-4342-B6B4-10E53366251C}.ReleaseExcludeWPF|x86.Build.0 = Release|Any CPU
		{B514A997-9B31-4F28-AC08-C69D9FA58CC4}.Debug|Any CPU.ActiveCfg = Debug|Any CPU
		{B514A997-9B31-4F28-AC08-C69D9FA58CC4}.Debug|Any CPU.Build.0 = Debug|Any CPU
		{B514A997-9B31-4F28-AC08-C69D9FA58CC4}.Debug|arm64.ActiveCfg = Debug|Any CPU
		{B514A997-9B31-4F28-AC08-C69D9FA58CC4}.Debug|arm64.Build.0 = Debug|Any CPU
		{B514A997-9B31-4F28-AC08-C69D9FA58CC4}.Debug|x64.ActiveCfg = Debug|Any CPU
		{B514A997-9B31-4F28-AC08-C69D9FA58CC4}.Debug|x64.Build.0 = Debug|Any CPU
		{B514A997-9B31-4F28-AC08-C69D9FA58CC4}.Debug|x86.ActiveCfg = Debug|Any CPU
		{B514A997-9B31-4F28-AC08-C69D9FA58CC4}.Debug|x86.Build.0 = Debug|Any CPU
		{B514A997-9B31-4F28-AC08-C69D9FA58CC4}.DebugExcludeWPF|Any CPU.ActiveCfg = Debug|Any CPU
		{B514A997-9B31-4F28-AC08-C69D9FA58CC4}.DebugExcludeWPF|Any CPU.Build.0 = Debug|Any CPU
		{B514A997-9B31-4F28-AC08-C69D9FA58CC4}.DebugExcludeWPF|arm64.ActiveCfg = DebugExcludeWPF|Any CPU
		{B514A997-9B31-4F28-AC08-C69D9FA58CC4}.DebugExcludeWPF|arm64.Build.0 = DebugExcludeWPF|Any CPU
		{B514A997-9B31-4F28-AC08-C69D9FA58CC4}.DebugExcludeWPF|x64.ActiveCfg = DebugExcludeWPF|Any CPU
		{B514A997-9B31-4F28-AC08-C69D9FA58CC4}.DebugExcludeWPF|x64.Build.0 = DebugExcludeWPF|Any CPU
		{B514A997-9B31-4F28-AC08-C69D9FA58CC4}.DebugExcludeWPF|x86.ActiveCfg = DebugExcludeWPF|Any CPU
		{B514A997-9B31-4F28-AC08-C69D9FA58CC4}.DebugExcludeWPF|x86.Build.0 = DebugExcludeWPF|Any CPU
		{B514A997-9B31-4F28-AC08-C69D9FA58CC4}.Release|Any CPU.ActiveCfg = Release|Any CPU
		{B514A997-9B31-4F28-AC08-C69D9FA58CC4}.Release|Any CPU.Build.0 = Release|Any CPU
		{B514A997-9B31-4F28-AC08-C69D9FA58CC4}.Release|arm64.ActiveCfg = Release|Any CPU
		{B514A997-9B31-4F28-AC08-C69D9FA58CC4}.Release|arm64.Build.0 = Release|Any CPU
		{B514A997-9B31-4F28-AC08-C69D9FA58CC4}.Release|x64.ActiveCfg = Release|Any CPU
		{B514A997-9B31-4F28-AC08-C69D9FA58CC4}.Release|x64.Build.0 = Release|Any CPU
		{B514A997-9B31-4F28-AC08-C69D9FA58CC4}.Release|x86.ActiveCfg = Release|Any CPU
		{B514A997-9B31-4F28-AC08-C69D9FA58CC4}.Release|x86.Build.0 = Release|Any CPU
		{B514A997-9B31-4F28-AC08-C69D9FA58CC4}.ReleaseExcludeWPF|Any CPU.ActiveCfg = Release|Any CPU
		{B514A997-9B31-4F28-AC08-C69D9FA58CC4}.ReleaseExcludeWPF|Any CPU.Build.0 = Release|Any CPU
		{B514A997-9B31-4F28-AC08-C69D9FA58CC4}.ReleaseExcludeWPF|arm64.ActiveCfg = Release|Any CPU
		{B514A997-9B31-4F28-AC08-C69D9FA58CC4}.ReleaseExcludeWPF|arm64.Build.0 = Release|Any CPU
		{B514A997-9B31-4F28-AC08-C69D9FA58CC4}.ReleaseExcludeWPF|x64.ActiveCfg = Release|Any CPU
		{B514A997-9B31-4F28-AC08-C69D9FA58CC4}.ReleaseExcludeWPF|x64.Build.0 = Release|Any CPU
		{B514A997-9B31-4F28-AC08-C69D9FA58CC4}.ReleaseExcludeWPF|x86.ActiveCfg = Release|Any CPU
		{B514A997-9B31-4F28-AC08-C69D9FA58CC4}.ReleaseExcludeWPF|x86.Build.0 = Release|Any CPU
		{CD1209B4-FF0D-4BAD-A7AA-958026AB5AA2}.Debug|Any CPU.ActiveCfg = Debug|Any CPU
		{CD1209B4-FF0D-4BAD-A7AA-958026AB5AA2}.Debug|Any CPU.Build.0 = Debug|Any CPU
		{CD1209B4-FF0D-4BAD-A7AA-958026AB5AA2}.Debug|arm64.ActiveCfg = Debug|Any CPU
		{CD1209B4-FF0D-4BAD-A7AA-958026AB5AA2}.Debug|arm64.Build.0 = Debug|Any CPU
		{CD1209B4-FF0D-4BAD-A7AA-958026AB5AA2}.Debug|x64.ActiveCfg = Debug|Any CPU
		{CD1209B4-FF0D-4BAD-A7AA-958026AB5AA2}.Debug|x64.Build.0 = Debug|Any CPU
		{CD1209B4-FF0D-4BAD-A7AA-958026AB5AA2}.Debug|x86.ActiveCfg = Debug|Any CPU
		{CD1209B4-FF0D-4BAD-A7AA-958026AB5AA2}.Debug|x86.Build.0 = Debug|Any CPU
		{CD1209B4-FF0D-4BAD-A7AA-958026AB5AA2}.DebugExcludeWPF|Any CPU.ActiveCfg = Debug|Any CPU
		{CD1209B4-FF0D-4BAD-A7AA-958026AB5AA2}.DebugExcludeWPF|Any CPU.Build.0 = Debug|Any CPU
		{CD1209B4-FF0D-4BAD-A7AA-958026AB5AA2}.DebugExcludeWPF|arm64.ActiveCfg = DebugExcludeWPF|Any CPU
		{CD1209B4-FF0D-4BAD-A7AA-958026AB5AA2}.DebugExcludeWPF|arm64.Build.0 = DebugExcludeWPF|Any CPU
		{CD1209B4-FF0D-4BAD-A7AA-958026AB5AA2}.DebugExcludeWPF|x64.ActiveCfg = DebugExcludeWPF|Any CPU
		{CD1209B4-FF0D-4BAD-A7AA-958026AB5AA2}.DebugExcludeWPF|x64.Build.0 = DebugExcludeWPF|Any CPU
		{CD1209B4-FF0D-4BAD-A7AA-958026AB5AA2}.DebugExcludeWPF|x86.ActiveCfg = DebugExcludeWPF|Any CPU
		{CD1209B4-FF0D-4BAD-A7AA-958026AB5AA2}.DebugExcludeWPF|x86.Build.0 = DebugExcludeWPF|Any CPU
		{CD1209B4-FF0D-4BAD-A7AA-958026AB5AA2}.Release|Any CPU.ActiveCfg = Release|Any CPU
		{CD1209B4-FF0D-4BAD-A7AA-958026AB5AA2}.Release|Any CPU.Build.0 = Release|Any CPU
		{CD1209B4-FF0D-4BAD-A7AA-958026AB5AA2}.Release|arm64.ActiveCfg = Release|Any CPU
		{CD1209B4-FF0D-4BAD-A7AA-958026AB5AA2}.Release|arm64.Build.0 = Release|Any CPU
		{CD1209B4-FF0D-4BAD-A7AA-958026AB5AA2}.Release|x64.ActiveCfg = Release|Any CPU
		{CD1209B4-FF0D-4BAD-A7AA-958026AB5AA2}.Release|x64.Build.0 = Release|Any CPU
		{CD1209B4-FF0D-4BAD-A7AA-958026AB5AA2}.Release|x86.ActiveCfg = Release|Any CPU
		{CD1209B4-FF0D-4BAD-A7AA-958026AB5AA2}.Release|x86.Build.0 = Release|Any CPU
		{CD1209B4-FF0D-4BAD-A7AA-958026AB5AA2}.ReleaseExcludeWPF|Any CPU.ActiveCfg = Release|Any CPU
		{CD1209B4-FF0D-4BAD-A7AA-958026AB5AA2}.ReleaseExcludeWPF|Any CPU.Build.0 = Release|Any CPU
		{CD1209B4-FF0D-4BAD-A7AA-958026AB5AA2}.ReleaseExcludeWPF|arm64.ActiveCfg = Release|Any CPU
		{CD1209B4-FF0D-4BAD-A7AA-958026AB5AA2}.ReleaseExcludeWPF|arm64.Build.0 = Release|Any CPU
		{CD1209B4-FF0D-4BAD-A7AA-958026AB5AA2}.ReleaseExcludeWPF|x64.ActiveCfg = Release|Any CPU
		{CD1209B4-FF0D-4BAD-A7AA-958026AB5AA2}.ReleaseExcludeWPF|x64.Build.0 = Release|Any CPU
		{CD1209B4-FF0D-4BAD-A7AA-958026AB5AA2}.ReleaseExcludeWPF|x86.ActiveCfg = Release|Any CPU
		{CD1209B4-FF0D-4BAD-A7AA-958026AB5AA2}.ReleaseExcludeWPF|x86.Build.0 = Release|Any CPU
		{AF1D22D7-BA65-4B21-9F86-97CD96BD3DF3}.Debug|Any CPU.ActiveCfg = Debug|Any CPU
		{AF1D22D7-BA65-4B21-9F86-97CD96BD3DF3}.Debug|Any CPU.Build.0 = Debug|Any CPU
		{AF1D22D7-BA65-4B21-9F86-97CD96BD3DF3}.Debug|arm64.ActiveCfg = Debug|Any CPU
		{AF1D22D7-BA65-4B21-9F86-97CD96BD3DF3}.Debug|arm64.Build.0 = Debug|Any CPU
		{AF1D22D7-BA65-4B21-9F86-97CD96BD3DF3}.Debug|x64.ActiveCfg = Debug|Any CPU
		{AF1D22D7-BA65-4B21-9F86-97CD96BD3DF3}.Debug|x64.Build.0 = Debug|Any CPU
		{AF1D22D7-BA65-4B21-9F86-97CD96BD3DF3}.Debug|x86.ActiveCfg = Debug|Any CPU
		{AF1D22D7-BA65-4B21-9F86-97CD96BD3DF3}.Debug|x86.Build.0 = Debug|Any CPU
		{AF1D22D7-BA65-4B21-9F86-97CD96BD3DF3}.DebugExcludeWPF|Any CPU.ActiveCfg = Debug|Any CPU
		{AF1D22D7-BA65-4B21-9F86-97CD96BD3DF3}.DebugExcludeWPF|Any CPU.Build.0 = Debug|Any CPU
		{AF1D22D7-BA65-4B21-9F86-97CD96BD3DF3}.DebugExcludeWPF|arm64.ActiveCfg = Debug|Any CPU
		{AF1D22D7-BA65-4B21-9F86-97CD96BD3DF3}.DebugExcludeWPF|arm64.Build.0 = Debug|Any CPU
		{AF1D22D7-BA65-4B21-9F86-97CD96BD3DF3}.DebugExcludeWPF|x64.ActiveCfg = Debug|Any CPU
		{AF1D22D7-BA65-4B21-9F86-97CD96BD3DF3}.DebugExcludeWPF|x64.Build.0 = Debug|Any CPU
		{AF1D22D7-BA65-4B21-9F86-97CD96BD3DF3}.DebugExcludeWPF|x86.ActiveCfg = Debug|Any CPU
		{AF1D22D7-BA65-4B21-9F86-97CD96BD3DF3}.DebugExcludeWPF|x86.Build.0 = Debug|Any CPU
		{AF1D22D7-BA65-4B21-9F86-97CD96BD3DF3}.Release|Any CPU.ActiveCfg = Release|Any CPU
		{AF1D22D7-BA65-4B21-9F86-97CD96BD3DF3}.Release|Any CPU.Build.0 = Release|Any CPU
		{AF1D22D7-BA65-4B21-9F86-97CD96BD3DF3}.Release|arm64.ActiveCfg = Release|Any CPU
		{AF1D22D7-BA65-4B21-9F86-97CD96BD3DF3}.Release|arm64.Build.0 = Release|Any CPU
		{AF1D22D7-BA65-4B21-9F86-97CD96BD3DF3}.Release|x64.ActiveCfg = Release|Any CPU
		{AF1D22D7-BA65-4B21-9F86-97CD96BD3DF3}.Release|x64.Build.0 = Release|Any CPU
		{AF1D22D7-BA65-4B21-9F86-97CD96BD3DF3}.Release|x86.ActiveCfg = Release|Any CPU
		{AF1D22D7-BA65-4B21-9F86-97CD96BD3DF3}.Release|x86.Build.0 = Release|Any CPU
		{AF1D22D7-BA65-4B21-9F86-97CD96BD3DF3}.ReleaseExcludeWPF|Any CPU.ActiveCfg = Release|Any CPU
		{AF1D22D7-BA65-4B21-9F86-97CD96BD3DF3}.ReleaseExcludeWPF|Any CPU.Build.0 = Release|Any CPU
		{AF1D22D7-BA65-4B21-9F86-97CD96BD3DF3}.ReleaseExcludeWPF|arm64.ActiveCfg = Release|Any CPU
		{AF1D22D7-BA65-4B21-9F86-97CD96BD3DF3}.ReleaseExcludeWPF|arm64.Build.0 = Release|Any CPU
		{AF1D22D7-BA65-4B21-9F86-97CD96BD3DF3}.ReleaseExcludeWPF|x64.ActiveCfg = Release|Any CPU
		{AF1D22D7-BA65-4B21-9F86-97CD96BD3DF3}.ReleaseExcludeWPF|x64.Build.0 = Release|Any CPU
		{AF1D22D7-BA65-4B21-9F86-97CD96BD3DF3}.ReleaseExcludeWPF|x86.ActiveCfg = Release|Any CPU
		{AF1D22D7-BA65-4B21-9F86-97CD96BD3DF3}.ReleaseExcludeWPF|x86.Build.0 = Release|Any CPU
		{D1D8952D-F6A6-44AB-B16D-CB7A04CC8A8A}.Debug|Any CPU.ActiveCfg = Debug|Any CPU
		{D1D8952D-F6A6-44AB-B16D-CB7A04CC8A8A}.Debug|Any CPU.Build.0 = Debug|Any CPU
		{D1D8952D-F6A6-44AB-B16D-CB7A04CC8A8A}.Debug|arm64.ActiveCfg = Debug|Any CPU
		{D1D8952D-F6A6-44AB-B16D-CB7A04CC8A8A}.Debug|arm64.Build.0 = Debug|Any CPU
		{D1D8952D-F6A6-44AB-B16D-CB7A04CC8A8A}.Debug|x64.ActiveCfg = Debug|Any CPU
		{D1D8952D-F6A6-44AB-B16D-CB7A04CC8A8A}.Debug|x64.Build.0 = Debug|Any CPU
		{D1D8952D-F6A6-44AB-B16D-CB7A04CC8A8A}.Debug|x86.ActiveCfg = Debug|Any CPU
		{D1D8952D-F6A6-44AB-B16D-CB7A04CC8A8A}.Debug|x86.Build.0 = Debug|Any CPU
		{D1D8952D-F6A6-44AB-B16D-CB7A04CC8A8A}.DebugExcludeWPF|Any CPU.ActiveCfg = Debug|Any CPU
		{D1D8952D-F6A6-44AB-B16D-CB7A04CC8A8A}.DebugExcludeWPF|arm64.ActiveCfg = DebugExcludeWPF|Any CPU
		{D1D8952D-F6A6-44AB-B16D-CB7A04CC8A8A}.DebugExcludeWPF|x64.ActiveCfg = DebugExcludeWPF|Any CPU
		{D1D8952D-F6A6-44AB-B16D-CB7A04CC8A8A}.DebugExcludeWPF|x86.ActiveCfg = DebugExcludeWPF|Any CPU
		{D1D8952D-F6A6-44AB-B16D-CB7A04CC8A8A}.Release|Any CPU.ActiveCfg = Release|Any CPU
		{D1D8952D-F6A6-44AB-B16D-CB7A04CC8A8A}.Release|Any CPU.Build.0 = Release|Any CPU
		{D1D8952D-F6A6-44AB-B16D-CB7A04CC8A8A}.Release|arm64.ActiveCfg = Release|Any CPU
		{D1D8952D-F6A6-44AB-B16D-CB7A04CC8A8A}.Release|arm64.Build.0 = Release|Any CPU
		{D1D8952D-F6A6-44AB-B16D-CB7A04CC8A8A}.Release|x64.ActiveCfg = Release|Any CPU
		{D1D8952D-F6A6-44AB-B16D-CB7A04CC8A8A}.Release|x64.Build.0 = Release|Any CPU
		{D1D8952D-F6A6-44AB-B16D-CB7A04CC8A8A}.Release|x86.ActiveCfg = Release|Any CPU
		{D1D8952D-F6A6-44AB-B16D-CB7A04CC8A8A}.Release|x86.Build.0 = Release|Any CPU
		{D1D8952D-F6A6-44AB-B16D-CB7A04CC8A8A}.ReleaseExcludeWPF|Any CPU.ActiveCfg = Release|Any CPU
		{D1D8952D-F6A6-44AB-B16D-CB7A04CC8A8A}.ReleaseExcludeWPF|arm64.ActiveCfg = Release|Any CPU
		{D1D8952D-F6A6-44AB-B16D-CB7A04CC8A8A}.ReleaseExcludeWPF|arm64.Build.0 = Release|Any CPU
		{D1D8952D-F6A6-44AB-B16D-CB7A04CC8A8A}.ReleaseExcludeWPF|x64.ActiveCfg = Release|Any CPU
		{D1D8952D-F6A6-44AB-B16D-CB7A04CC8A8A}.ReleaseExcludeWPF|x64.Build.0 = Release|Any CPU
		{D1D8952D-F6A6-44AB-B16D-CB7A04CC8A8A}.ReleaseExcludeWPF|x86.ActiveCfg = Release|Any CPU
		{D1D8952D-F6A6-44AB-B16D-CB7A04CC8A8A}.ReleaseExcludeWPF|x86.Build.0 = Release|Any CPU
		{F727097C-F91B-4C01-B3C6-05EB7E7503BC}.Debug|Any CPU.ActiveCfg = Debug|Any CPU
		{F727097C-F91B-4C01-B3C6-05EB7E7503BC}.Debug|Any CPU.Build.0 = Debug|Any CPU
		{F727097C-F91B-4C01-B3C6-05EB7E7503BC}.Debug|arm64.ActiveCfg = Debug|Any CPU
		{F727097C-F91B-4C01-B3C6-05EB7E7503BC}.Debug|arm64.Build.0 = Debug|Any CPU
		{F727097C-F91B-4C01-B3C6-05EB7E7503BC}.Debug|x64.ActiveCfg = Debug|Any CPU
		{F727097C-F91B-4C01-B3C6-05EB7E7503BC}.Debug|x64.Build.0 = Debug|Any CPU
		{F727097C-F91B-4C01-B3C6-05EB7E7503BC}.Debug|x86.ActiveCfg = Debug|Any CPU
		{F727097C-F91B-4C01-B3C6-05EB7E7503BC}.Debug|x86.Build.0 = Debug|Any CPU
		{F727097C-F91B-4C01-B3C6-05EB7E7503BC}.DebugExcludeWPF|Any CPU.ActiveCfg = Debug|Any CPU
		{F727097C-F91B-4C01-B3C6-05EB7E7503BC}.DebugExcludeWPF|Any CPU.Build.0 = Debug|Any CPU
		{F727097C-F91B-4C01-B3C6-05EB7E7503BC}.DebugExcludeWPF|arm64.ActiveCfg = Debug|Any CPU
		{F727097C-F91B-4C01-B3C6-05EB7E7503BC}.DebugExcludeWPF|arm64.Build.0 = Debug|Any CPU
		{F727097C-F91B-4C01-B3C6-05EB7E7503BC}.DebugExcludeWPF|x64.ActiveCfg = Debug|Any CPU
		{F727097C-F91B-4C01-B3C6-05EB7E7503BC}.DebugExcludeWPF|x64.Build.0 = Debug|Any CPU
		{F727097C-F91B-4C01-B3C6-05EB7E7503BC}.DebugExcludeWPF|x86.ActiveCfg = Debug|Any CPU
		{F727097C-F91B-4C01-B3C6-05EB7E7503BC}.DebugExcludeWPF|x86.Build.0 = Debug|Any CPU
		{F727097C-F91B-4C01-B3C6-05EB7E7503BC}.Release|Any CPU.ActiveCfg = Release|Any CPU
		{F727097C-F91B-4C01-B3C6-05EB7E7503BC}.Release|Any CPU.Build.0 = Release|Any CPU
		{F727097C-F91B-4C01-B3C6-05EB7E7503BC}.Release|arm64.ActiveCfg = Release|Any CPU
		{F727097C-F91B-4C01-B3C6-05EB7E7503BC}.Release|arm64.Build.0 = Release|Any CPU
		{F727097C-F91B-4C01-B3C6-05EB7E7503BC}.Release|x64.ActiveCfg = Release|Any CPU
		{F727097C-F91B-4C01-B3C6-05EB7E7503BC}.Release|x64.Build.0 = Release|Any CPU
		{F727097C-F91B-4C01-B3C6-05EB7E7503BC}.Release|x86.ActiveCfg = Release|Any CPU
		{F727097C-F91B-4C01-B3C6-05EB7E7503BC}.Release|x86.Build.0 = Release|Any CPU
		{F727097C-F91B-4C01-B3C6-05EB7E7503BC}.ReleaseExcludeWPF|Any CPU.ActiveCfg = Release|Any CPU
		{F727097C-F91B-4C01-B3C6-05EB7E7503BC}.ReleaseExcludeWPF|Any CPU.Build.0 = Release|Any CPU
		{F727097C-F91B-4C01-B3C6-05EB7E7503BC}.ReleaseExcludeWPF|arm64.ActiveCfg = Release|Any CPU
		{F727097C-F91B-4C01-B3C6-05EB7E7503BC}.ReleaseExcludeWPF|arm64.Build.0 = Release|Any CPU
		{F727097C-F91B-4C01-B3C6-05EB7E7503BC}.ReleaseExcludeWPF|x64.ActiveCfg = Release|Any CPU
		{F727097C-F91B-4C01-B3C6-05EB7E7503BC}.ReleaseExcludeWPF|x64.Build.0 = Release|Any CPU
		{F727097C-F91B-4C01-B3C6-05EB7E7503BC}.ReleaseExcludeWPF|x86.ActiveCfg = Release|Any CPU
		{F727097C-F91B-4C01-B3C6-05EB7E7503BC}.ReleaseExcludeWPF|x86.Build.0 = Release|Any CPU
		{33CA82A6-A453-4D4C-9D76-8EE939DA66DC}.Debug|Any CPU.ActiveCfg = Debug|Any CPU
		{33CA82A6-A453-4D4C-9D76-8EE939DA66DC}.Debug|Any CPU.Build.0 = Debug|Any CPU
		{33CA82A6-A453-4D4C-9D76-8EE939DA66DC}.Debug|arm64.ActiveCfg = Debug|Any CPU
		{33CA82A6-A453-4D4C-9D76-8EE939DA66DC}.Debug|arm64.Build.0 = Debug|Any CPU
		{33CA82A6-A453-4D4C-9D76-8EE939DA66DC}.Debug|x64.ActiveCfg = Debug|Any CPU
		{33CA82A6-A453-4D4C-9D76-8EE939DA66DC}.Debug|x64.Build.0 = Debug|Any CPU
		{33CA82A6-A453-4D4C-9D76-8EE939DA66DC}.Debug|x86.ActiveCfg = Debug|Any CPU
		{33CA82A6-A453-4D4C-9D76-8EE939DA66DC}.Debug|x86.Build.0 = Debug|Any CPU
		{33CA82A6-A453-4D4C-9D76-8EE939DA66DC}.DebugExcludeWPF|Any CPU.ActiveCfg = Debug|Any CPU
		{33CA82A6-A453-4D4C-9D76-8EE939DA66DC}.DebugExcludeWPF|arm64.ActiveCfg = Debug|Any CPU
		{33CA82A6-A453-4D4C-9D76-8EE939DA66DC}.DebugExcludeWPF|arm64.Build.0 = Debug|Any CPU
		{33CA82A6-A453-4D4C-9D76-8EE939DA66DC}.DebugExcludeWPF|x64.ActiveCfg = Debug|Any CPU
		{33CA82A6-A453-4D4C-9D76-8EE939DA66DC}.DebugExcludeWPF|x64.Build.0 = Debug|Any CPU
		{33CA82A6-A453-4D4C-9D76-8EE939DA66DC}.DebugExcludeWPF|x86.ActiveCfg = Debug|Any CPU
		{33CA82A6-A453-4D4C-9D76-8EE939DA66DC}.DebugExcludeWPF|x86.Build.0 = Debug|Any CPU
		{33CA82A6-A453-4D4C-9D76-8EE939DA66DC}.Release|Any CPU.ActiveCfg = Release|Any CPU
		{33CA82A6-A453-4D4C-9D76-8EE939DA66DC}.Release|Any CPU.Build.0 = Release|Any CPU
		{33CA82A6-A453-4D4C-9D76-8EE939DA66DC}.Release|arm64.ActiveCfg = Release|Any CPU
		{33CA82A6-A453-4D4C-9D76-8EE939DA66DC}.Release|arm64.Build.0 = Release|Any CPU
		{33CA82A6-A453-4D4C-9D76-8EE939DA66DC}.Release|x64.ActiveCfg = Release|Any CPU
		{33CA82A6-A453-4D4C-9D76-8EE939DA66DC}.Release|x64.Build.0 = Release|Any CPU
		{33CA82A6-A453-4D4C-9D76-8EE939DA66DC}.Release|x86.ActiveCfg = Release|Any CPU
		{33CA82A6-A453-4D4C-9D76-8EE939DA66DC}.Release|x86.Build.0 = Release|Any CPU
		{33CA82A6-A453-4D4C-9D76-8EE939DA66DC}.ReleaseExcludeWPF|Any CPU.ActiveCfg = Release|Any CPU
		{33CA82A6-A453-4D4C-9D76-8EE939DA66DC}.ReleaseExcludeWPF|arm64.ActiveCfg = Release|Any CPU
		{33CA82A6-A453-4D4C-9D76-8EE939DA66DC}.ReleaseExcludeWPF|arm64.Build.0 = Release|Any CPU
		{33CA82A6-A453-4D4C-9D76-8EE939DA66DC}.ReleaseExcludeWPF|x64.ActiveCfg = Release|Any CPU
		{33CA82A6-A453-4D4C-9D76-8EE939DA66DC}.ReleaseExcludeWPF|x64.Build.0 = Release|Any CPU
		{33CA82A6-A453-4D4C-9D76-8EE939DA66DC}.ReleaseExcludeWPF|x86.ActiveCfg = Release|Any CPU
		{33CA82A6-A453-4D4C-9D76-8EE939DA66DC}.ReleaseExcludeWPF|x86.Build.0 = Release|Any CPU
		{48CFB725-2B18-47A7-8158-FE0C8B2469E7}.Debug|Any CPU.ActiveCfg = Debug|Any CPU
		{48CFB725-2B18-47A7-8158-FE0C8B2469E7}.Debug|Any CPU.Build.0 = Debug|Any CPU
		{48CFB725-2B18-47A7-8158-FE0C8B2469E7}.Debug|arm64.ActiveCfg = Debug|Any CPU
		{48CFB725-2B18-47A7-8158-FE0C8B2469E7}.Debug|arm64.Build.0 = Debug|Any CPU
		{48CFB725-2B18-47A7-8158-FE0C8B2469E7}.Debug|x64.ActiveCfg = Debug|Any CPU
		{48CFB725-2B18-47A7-8158-FE0C8B2469E7}.Debug|x64.Build.0 = Debug|Any CPU
		{48CFB725-2B18-47A7-8158-FE0C8B2469E7}.Debug|x86.ActiveCfg = Debug|Any CPU
		{48CFB725-2B18-47A7-8158-FE0C8B2469E7}.Debug|x86.Build.0 = Debug|Any CPU
		{48CFB725-2B18-47A7-8158-FE0C8B2469E7}.DebugExcludeWPF|Any CPU.ActiveCfg = Debug|Any CPU
		{48CFB725-2B18-47A7-8158-FE0C8B2469E7}.DebugExcludeWPF|Any CPU.Build.0 = Debug|Any CPU
		{48CFB725-2B18-47A7-8158-FE0C8B2469E7}.DebugExcludeWPF|arm64.ActiveCfg = Debug|Any CPU
		{48CFB725-2B18-47A7-8158-FE0C8B2469E7}.DebugExcludeWPF|arm64.Build.0 = Debug|Any CPU
		{48CFB725-2B18-47A7-8158-FE0C8B2469E7}.DebugExcludeWPF|x64.ActiveCfg = Debug|Any CPU
		{48CFB725-2B18-47A7-8158-FE0C8B2469E7}.DebugExcludeWPF|x64.Build.0 = Debug|Any CPU
		{48CFB725-2B18-47A7-8158-FE0C8B2469E7}.DebugExcludeWPF|x86.ActiveCfg = Debug|Any CPU
		{48CFB725-2B18-47A7-8158-FE0C8B2469E7}.DebugExcludeWPF|x86.Build.0 = Debug|Any CPU
		{48CFB725-2B18-47A7-8158-FE0C8B2469E7}.Release|Any CPU.ActiveCfg = Release|Any CPU
		{48CFB725-2B18-47A7-8158-FE0C8B2469E7}.Release|Any CPU.Build.0 = Release|Any CPU
		{48CFB725-2B18-47A7-8158-FE0C8B2469E7}.Release|arm64.ActiveCfg = Release|Any CPU
		{48CFB725-2B18-47A7-8158-FE0C8B2469E7}.Release|arm64.Build.0 = Release|Any CPU
		{48CFB725-2B18-47A7-8158-FE0C8B2469E7}.Release|x64.ActiveCfg = Release|Any CPU
		{48CFB725-2B18-47A7-8158-FE0C8B2469E7}.Release|x64.Build.0 = Release|Any CPU
		{48CFB725-2B18-47A7-8158-FE0C8B2469E7}.Release|x86.ActiveCfg = Release|Any CPU
		{48CFB725-2B18-47A7-8158-FE0C8B2469E7}.Release|x86.Build.0 = Release|Any CPU
		{48CFB725-2B18-47A7-8158-FE0C8B2469E7}.ReleaseExcludeWPF|Any CPU.ActiveCfg = Release|Any CPU
		{48CFB725-2B18-47A7-8158-FE0C8B2469E7}.ReleaseExcludeWPF|Any CPU.Build.0 = Release|Any CPU
		{48CFB725-2B18-47A7-8158-FE0C8B2469E7}.ReleaseExcludeWPF|arm64.ActiveCfg = Release|Any CPU
		{48CFB725-2B18-47A7-8158-FE0C8B2469E7}.ReleaseExcludeWPF|arm64.Build.0 = Release|Any CPU
		{48CFB725-2B18-47A7-8158-FE0C8B2469E7}.ReleaseExcludeWPF|x64.ActiveCfg = Release|Any CPU
		{48CFB725-2B18-47A7-8158-FE0C8B2469E7}.ReleaseExcludeWPF|x64.Build.0 = Release|Any CPU
		{48CFB725-2B18-47A7-8158-FE0C8B2469E7}.ReleaseExcludeWPF|x86.ActiveCfg = Release|Any CPU
		{48CFB725-2B18-47A7-8158-FE0C8B2469E7}.ReleaseExcludeWPF|x86.Build.0 = Release|Any CPU
		{45740CF1-7560-4567-9B4C-EFB7356D51AB}.Debug|Any CPU.ActiveCfg = Debug|Any CPU
		{45740CF1-7560-4567-9B4C-EFB7356D51AB}.Debug|Any CPU.Build.0 = Debug|Any CPU
		{45740CF1-7560-4567-9B4C-EFB7356D51AB}.Debug|arm64.ActiveCfg = Debug|Any CPU
		{45740CF1-7560-4567-9B4C-EFB7356D51AB}.Debug|arm64.Build.0 = Debug|Any CPU
		{45740CF1-7560-4567-9B4C-EFB7356D51AB}.Debug|x64.ActiveCfg = Debug|Any CPU
		{45740CF1-7560-4567-9B4C-EFB7356D51AB}.Debug|x64.Build.0 = Debug|Any CPU
		{45740CF1-7560-4567-9B4C-EFB7356D51AB}.Debug|x86.ActiveCfg = Debug|Any CPU
		{45740CF1-7560-4567-9B4C-EFB7356D51AB}.Debug|x86.Build.0 = Debug|Any CPU
		{45740CF1-7560-4567-9B4C-EFB7356D51AB}.DebugExcludeWPF|Any CPU.ActiveCfg = Debug|Any CPU
		{45740CF1-7560-4567-9B4C-EFB7356D51AB}.DebugExcludeWPF|Any CPU.Build.0 = Debug|Any CPU
		{45740CF1-7560-4567-9B4C-EFB7356D51AB}.DebugExcludeWPF|arm64.ActiveCfg = Debug|Any CPU
		{45740CF1-7560-4567-9B4C-EFB7356D51AB}.DebugExcludeWPF|arm64.Build.0 = Debug|Any CPU
		{45740CF1-7560-4567-9B4C-EFB7356D51AB}.DebugExcludeWPF|x64.ActiveCfg = Debug|Any CPU
		{45740CF1-7560-4567-9B4C-EFB7356D51AB}.DebugExcludeWPF|x64.Build.0 = Debug|Any CPU
		{45740CF1-7560-4567-9B4C-EFB7356D51AB}.DebugExcludeWPF|x86.ActiveCfg = Debug|Any CPU
		{45740CF1-7560-4567-9B4C-EFB7356D51AB}.DebugExcludeWPF|x86.Build.0 = Debug|Any CPU
		{45740CF1-7560-4567-9B4C-EFB7356D51AB}.Release|Any CPU.ActiveCfg = Release|Any CPU
		{45740CF1-7560-4567-9B4C-EFB7356D51AB}.Release|Any CPU.Build.0 = Release|Any CPU
		{45740CF1-7560-4567-9B4C-EFB7356D51AB}.Release|arm64.ActiveCfg = Release|Any CPU
		{45740CF1-7560-4567-9B4C-EFB7356D51AB}.Release|arm64.Build.0 = Release|Any CPU
		{45740CF1-7560-4567-9B4C-EFB7356D51AB}.Release|x64.ActiveCfg = Release|Any CPU
		{45740CF1-7560-4567-9B4C-EFB7356D51AB}.Release|x64.Build.0 = Release|Any CPU
		{45740CF1-7560-4567-9B4C-EFB7356D51AB}.Release|x86.ActiveCfg = Release|Any CPU
		{45740CF1-7560-4567-9B4C-EFB7356D51AB}.Release|x86.Build.0 = Release|Any CPU
		{45740CF1-7560-4567-9B4C-EFB7356D51AB}.ReleaseExcludeWPF|Any CPU.ActiveCfg = Release|Any CPU
		{45740CF1-7560-4567-9B4C-EFB7356D51AB}.ReleaseExcludeWPF|Any CPU.Build.0 = Release|Any CPU
		{45740CF1-7560-4567-9B4C-EFB7356D51AB}.ReleaseExcludeWPF|arm64.ActiveCfg = Release|Any CPU
		{45740CF1-7560-4567-9B4C-EFB7356D51AB}.ReleaseExcludeWPF|arm64.Build.0 = Release|Any CPU
		{45740CF1-7560-4567-9B4C-EFB7356D51AB}.ReleaseExcludeWPF|x64.ActiveCfg = Release|Any CPU
		{45740CF1-7560-4567-9B4C-EFB7356D51AB}.ReleaseExcludeWPF|x64.Build.0 = Release|Any CPU
		{45740CF1-7560-4567-9B4C-EFB7356D51AB}.ReleaseExcludeWPF|x86.ActiveCfg = Release|Any CPU
		{45740CF1-7560-4567-9B4C-EFB7356D51AB}.ReleaseExcludeWPF|x86.Build.0 = Release|Any CPU
		{DA0A8D6F-02A0-4E96-937D-A4B235865B5D}.Debug|Any CPU.ActiveCfg = Debug|Any CPU
		{DA0A8D6F-02A0-4E96-937D-A4B235865B5D}.Debug|Any CPU.Build.0 = Debug|Any CPU
		{DA0A8D6F-02A0-4E96-937D-A4B235865B5D}.Debug|arm64.ActiveCfg = Debug|Any CPU
		{DA0A8D6F-02A0-4E96-937D-A4B235865B5D}.Debug|arm64.Build.0 = Debug|Any CPU
		{DA0A8D6F-02A0-4E96-937D-A4B235865B5D}.Debug|x64.ActiveCfg = Debug|Any CPU
		{DA0A8D6F-02A0-4E96-937D-A4B235865B5D}.Debug|x64.Build.0 = Debug|Any CPU
		{DA0A8D6F-02A0-4E96-937D-A4B235865B5D}.Debug|x86.ActiveCfg = Debug|Any CPU
		{DA0A8D6F-02A0-4E96-937D-A4B235865B5D}.Debug|x86.Build.0 = Debug|Any CPU
		{DA0A8D6F-02A0-4E96-937D-A4B235865B5D}.DebugExcludeWPF|Any CPU.ActiveCfg = Debug|Any CPU
		{DA0A8D6F-02A0-4E96-937D-A4B235865B5D}.DebugExcludeWPF|Any CPU.Build.0 = Debug|Any CPU
		{DA0A8D6F-02A0-4E96-937D-A4B235865B5D}.DebugExcludeWPF|arm64.ActiveCfg = Debug|Any CPU
		{DA0A8D6F-02A0-4E96-937D-A4B235865B5D}.DebugExcludeWPF|arm64.Build.0 = Debug|Any CPU
		{DA0A8D6F-02A0-4E96-937D-A4B235865B5D}.DebugExcludeWPF|x64.ActiveCfg = Debug|Any CPU
		{DA0A8D6F-02A0-4E96-937D-A4B235865B5D}.DebugExcludeWPF|x64.Build.0 = Debug|Any CPU
		{DA0A8D6F-02A0-4E96-937D-A4B235865B5D}.DebugExcludeWPF|x86.ActiveCfg = Debug|Any CPU
		{DA0A8D6F-02A0-4E96-937D-A4B235865B5D}.DebugExcludeWPF|x86.Build.0 = Debug|Any CPU
		{DA0A8D6F-02A0-4E96-937D-A4B235865B5D}.Release|Any CPU.ActiveCfg = Release|Any CPU
		{DA0A8D6F-02A0-4E96-937D-A4B235865B5D}.Release|Any CPU.Build.0 = Release|Any CPU
		{DA0A8D6F-02A0-4E96-937D-A4B235865B5D}.Release|arm64.ActiveCfg = Release|Any CPU
		{DA0A8D6F-02A0-4E96-937D-A4B235865B5D}.Release|arm64.Build.0 = Release|Any CPU
		{DA0A8D6F-02A0-4E96-937D-A4B235865B5D}.Release|x64.ActiveCfg = Release|Any CPU
		{DA0A8D6F-02A0-4E96-937D-A4B235865B5D}.Release|x64.Build.0 = Release|Any CPU
		{DA0A8D6F-02A0-4E96-937D-A4B235865B5D}.Release|x86.ActiveCfg = Release|Any CPU
		{DA0A8D6F-02A0-4E96-937D-A4B235865B5D}.Release|x86.Build.0 = Release|Any CPU
		{DA0A8D6F-02A0-4E96-937D-A4B235865B5D}.ReleaseExcludeWPF|Any CPU.ActiveCfg = Release|Any CPU
		{DA0A8D6F-02A0-4E96-937D-A4B235865B5D}.ReleaseExcludeWPF|Any CPU.Build.0 = Release|Any CPU
		{DA0A8D6F-02A0-4E96-937D-A4B235865B5D}.ReleaseExcludeWPF|arm64.ActiveCfg = Release|Any CPU
		{DA0A8D6F-02A0-4E96-937D-A4B235865B5D}.ReleaseExcludeWPF|arm64.Build.0 = Release|Any CPU
		{DA0A8D6F-02A0-4E96-937D-A4B235865B5D}.ReleaseExcludeWPF|x64.ActiveCfg = Release|Any CPU
		{DA0A8D6F-02A0-4E96-937D-A4B235865B5D}.ReleaseExcludeWPF|x64.Build.0 = Release|Any CPU
		{DA0A8D6F-02A0-4E96-937D-A4B235865B5D}.ReleaseExcludeWPF|x86.ActiveCfg = Release|Any CPU
		{DA0A8D6F-02A0-4E96-937D-A4B235865B5D}.ReleaseExcludeWPF|x86.Build.0 = Release|Any CPU
		{1B4C9B5A-2AA6-4CE4-9230-E495A96C31BD}.Debug|Any CPU.ActiveCfg = Debug|Any CPU
		{1B4C9B5A-2AA6-4CE4-9230-E495A96C31BD}.Debug|Any CPU.Build.0 = Debug|Any CPU
		{1B4C9B5A-2AA6-4CE4-9230-E495A96C31BD}.Debug|arm64.ActiveCfg = Debug|Any CPU
		{1B4C9B5A-2AA6-4CE4-9230-E495A96C31BD}.Debug|arm64.Build.0 = Debug|Any CPU
		{1B4C9B5A-2AA6-4CE4-9230-E495A96C31BD}.Debug|x64.ActiveCfg = Debug|Any CPU
		{1B4C9B5A-2AA6-4CE4-9230-E495A96C31BD}.Debug|x64.Build.0 = Debug|Any CPU
		{1B4C9B5A-2AA6-4CE4-9230-E495A96C31BD}.Debug|x86.ActiveCfg = Debug|Any CPU
		{1B4C9B5A-2AA6-4CE4-9230-E495A96C31BD}.Debug|x86.Build.0 = Debug|Any CPU
		{1B4C9B5A-2AA6-4CE4-9230-E495A96C31BD}.DebugExcludeWPF|Any CPU.ActiveCfg = Debug|Any CPU
		{1B4C9B5A-2AA6-4CE4-9230-E495A96C31BD}.DebugExcludeWPF|Any CPU.Build.0 = Debug|Any CPU
		{1B4C9B5A-2AA6-4CE4-9230-E495A96C31BD}.DebugExcludeWPF|arm64.ActiveCfg = Debug|Any CPU
		{1B4C9B5A-2AA6-4CE4-9230-E495A96C31BD}.DebugExcludeWPF|arm64.Build.0 = Debug|Any CPU
		{1B4C9B5A-2AA6-4CE4-9230-E495A96C31BD}.DebugExcludeWPF|x64.ActiveCfg = Debug|Any CPU
		{1B4C9B5A-2AA6-4CE4-9230-E495A96C31BD}.DebugExcludeWPF|x64.Build.0 = Debug|Any CPU
		{1B4C9B5A-2AA6-4CE4-9230-E495A96C31BD}.DebugExcludeWPF|x86.ActiveCfg = Debug|Any CPU
		{1B4C9B5A-2AA6-4CE4-9230-E495A96C31BD}.DebugExcludeWPF|x86.Build.0 = Debug|Any CPU
		{1B4C9B5A-2AA6-4CE4-9230-E495A96C31BD}.Release|Any CPU.ActiveCfg = Release|Any CPU
		{1B4C9B5A-2AA6-4CE4-9230-E495A96C31BD}.Release|Any CPU.Build.0 = Release|Any CPU
		{1B4C9B5A-2AA6-4CE4-9230-E495A96C31BD}.Release|arm64.ActiveCfg = Release|Any CPU
		{1B4C9B5A-2AA6-4CE4-9230-E495A96C31BD}.Release|arm64.Build.0 = Release|Any CPU
		{1B4C9B5A-2AA6-4CE4-9230-E495A96C31BD}.Release|x64.ActiveCfg = Release|Any CPU
		{1B4C9B5A-2AA6-4CE4-9230-E495A96C31BD}.Release|x64.Build.0 = Release|Any CPU
		{1B4C9B5A-2AA6-4CE4-9230-E495A96C31BD}.Release|x86.ActiveCfg = Release|Any CPU
		{1B4C9B5A-2AA6-4CE4-9230-E495A96C31BD}.Release|x86.Build.0 = Release|Any CPU
		{1B4C9B5A-2AA6-4CE4-9230-E495A96C31BD}.ReleaseExcludeWPF|Any CPU.ActiveCfg = Release|Any CPU
		{1B4C9B5A-2AA6-4CE4-9230-E495A96C31BD}.ReleaseExcludeWPF|Any CPU.Build.0 = Release|Any CPU
		{1B4C9B5A-2AA6-4CE4-9230-E495A96C31BD}.ReleaseExcludeWPF|arm64.ActiveCfg = Release|Any CPU
		{1B4C9B5A-2AA6-4CE4-9230-E495A96C31BD}.ReleaseExcludeWPF|arm64.Build.0 = Release|Any CPU
		{1B4C9B5A-2AA6-4CE4-9230-E495A96C31BD}.ReleaseExcludeWPF|x64.ActiveCfg = Release|Any CPU
		{1B4C9B5A-2AA6-4CE4-9230-E495A96C31BD}.ReleaseExcludeWPF|x64.Build.0 = Release|Any CPU
		{1B4C9B5A-2AA6-4CE4-9230-E495A96C31BD}.ReleaseExcludeWPF|x86.ActiveCfg = Release|Any CPU
		{1B4C9B5A-2AA6-4CE4-9230-E495A96C31BD}.ReleaseExcludeWPF|x86.Build.0 = Release|Any CPU
		{7A59FF47-824B-4045-B982-DB61F61A2FD6}.Debug|Any CPU.ActiveCfg = Debug|Any CPU
		{7A59FF47-824B-4045-B982-DB61F61A2FD6}.Debug|Any CPU.Build.0 = Debug|Any CPU
		{7A59FF47-824B-4045-B982-DB61F61A2FD6}.Debug|arm64.ActiveCfg = Debug|Any CPU
		{7A59FF47-824B-4045-B982-DB61F61A2FD6}.Debug|arm64.Build.0 = Debug|Any CPU
		{7A59FF47-824B-4045-B982-DB61F61A2FD6}.Debug|x64.ActiveCfg = Debug|Any CPU
		{7A59FF47-824B-4045-B982-DB61F61A2FD6}.Debug|x64.Build.0 = Debug|Any CPU
		{7A59FF47-824B-4045-B982-DB61F61A2FD6}.Debug|x86.ActiveCfg = Debug|Any CPU
		{7A59FF47-824B-4045-B982-DB61F61A2FD6}.Debug|x86.Build.0 = Debug|Any CPU
		{7A59FF47-824B-4045-B982-DB61F61A2FD6}.DebugExcludeWPF|Any CPU.ActiveCfg = Debug|Any CPU
		{7A59FF47-824B-4045-B982-DB61F61A2FD6}.DebugExcludeWPF|Any CPU.Build.0 = Debug|Any CPU
		{7A59FF47-824B-4045-B982-DB61F61A2FD6}.DebugExcludeWPF|arm64.ActiveCfg = Debug|Any CPU
		{7A59FF47-824B-4045-B982-DB61F61A2FD6}.DebugExcludeWPF|arm64.Build.0 = Debug|Any CPU
		{7A59FF47-824B-4045-B982-DB61F61A2FD6}.DebugExcludeWPF|x64.ActiveCfg = Debug|Any CPU
		{7A59FF47-824B-4045-B982-DB61F61A2FD6}.DebugExcludeWPF|x64.Build.0 = Debug|Any CPU
		{7A59FF47-824B-4045-B982-DB61F61A2FD6}.DebugExcludeWPF|x86.ActiveCfg = Debug|Any CPU
		{7A59FF47-824B-4045-B982-DB61F61A2FD6}.DebugExcludeWPF|x86.Build.0 = Debug|Any CPU
		{7A59FF47-824B-4045-B982-DB61F61A2FD6}.Release|Any CPU.ActiveCfg = Release|Any CPU
		{7A59FF47-824B-4045-B982-DB61F61A2FD6}.Release|Any CPU.Build.0 = Release|Any CPU
		{7A59FF47-824B-4045-B982-DB61F61A2FD6}.Release|arm64.ActiveCfg = Release|Any CPU
		{7A59FF47-824B-4045-B982-DB61F61A2FD6}.Release|arm64.Build.0 = Release|Any CPU
		{7A59FF47-824B-4045-B982-DB61F61A2FD6}.Release|x64.ActiveCfg = Release|Any CPU
		{7A59FF47-824B-4045-B982-DB61F61A2FD6}.Release|x64.Build.0 = Release|Any CPU
		{7A59FF47-824B-4045-B982-DB61F61A2FD6}.Release|x86.ActiveCfg = Release|Any CPU
		{7A59FF47-824B-4045-B982-DB61F61A2FD6}.Release|x86.Build.0 = Release|Any CPU
		{7A59FF47-824B-4045-B982-DB61F61A2FD6}.ReleaseExcludeWPF|Any CPU.ActiveCfg = Release|Any CPU
		{7A59FF47-824B-4045-B982-DB61F61A2FD6}.ReleaseExcludeWPF|Any CPU.Build.0 = Release|Any CPU
		{7A59FF47-824B-4045-B982-DB61F61A2FD6}.ReleaseExcludeWPF|arm64.ActiveCfg = Release|Any CPU
		{7A59FF47-824B-4045-B982-DB61F61A2FD6}.ReleaseExcludeWPF|arm64.Build.0 = Release|Any CPU
		{7A59FF47-824B-4045-B982-DB61F61A2FD6}.ReleaseExcludeWPF|x64.ActiveCfg = Release|Any CPU
		{7A59FF47-824B-4045-B982-DB61F61A2FD6}.ReleaseExcludeWPF|x64.Build.0 = Release|Any CPU
		{7A59FF47-824B-4045-B982-DB61F61A2FD6}.ReleaseExcludeWPF|x86.ActiveCfg = Release|Any CPU
		{7A59FF47-824B-4045-B982-DB61F61A2FD6}.ReleaseExcludeWPF|x86.Build.0 = Release|Any CPU
	EndGlobalSection
	GlobalSection(SolutionProperties) = preSolution
		HideSolutionNode = FALSE
	EndGlobalSection
	GlobalSection(ExtensibilityGlobals) = postSolution
		SolutionGuid = {C5AFCABF-EDF7-406D-87D9-6A3ACE1F1521}
	EndGlobalSection
EndGlobal
